
Microsoft Visual Studio Solution File, Format Version 12.00
# Visual Studio Version 17
VisualStudioVersion = 17.9.34723.18
MinimumVisualStudioVersion = 10.0.40219.1
Project("{FAE04EC0-301F-11D3-BF4B-00C04F79EFBC}") = "Negozio", "Negozio\Negozio.csproj", "{98838346-FD61-4269-AE57-9365967237B1}"
EndProject
Global
	GlobalSection(SolutionConfigurationPlatforms) = preSolution
		Debug|Any CPU = Debug|Any CPU
		Release|Any CPU = Release|Any CPU
	EndGlobalSection
	GlobalSection(ProjectConfigurationPlatforms) = postSolution
		{98838346-FD61-4269-AE57-9365967237B1}.Debug|Any CPU.ActiveCfg = Debug|Any CPU
		{98838346-FD61-4269-AE57-9365967237B1}.Debug|Any CPU.Build.0 = Debug|Any CPU
		{98838346-FD61-4269-AE57-9365967237B1}.Release|Any CPU.ActiveCfg = Release|Any CPU
		{98838346-FD61-4269-AE57-9365967237B1}.Release|Any CPU.Build.0 = Release|Any CPU
	EndGlobalSection
	GlobalSection(SolutionProperties) = preSolution
		HideSolutionNode = FALSE
	EndGlobalSection
	GlobalSection(ExtensibilityGlobals) = postSolution
		SolutionGuid = {543B5E14-B9A8-423C-A0B2-059DD7D234BF}
	EndGlobalSection
EndGlobal
